
Microsoft Visual Studio Solution File, Format Version 12.00
# Visual Studio Version 16
VisualStudioVersion = 16.0.29509.3
MinimumVisualStudioVersion = 10.0.40219.1
Project("{FAE04EC0-301F-11D3-BF4B-00C04F79EFBC}") = "CPU Power Gadget", "CPU Power Gadget\CPU Power Gadget.csproj", "{09E2FDF1-6C57-46F2-9B64-44CE8B11BCCC}"
EndProject
Project("{9A19103F-16F7-4668-BE54-9A1E7A4F7556}") = "LibreHardwareMonitorLib", "LibreHardwareMonitor\LibreHardwareMonitorLib\LibreHardwareMonitorLib.csproj", "{32DF6396-4686-4D5E-93CA-28301F70B56B}"
EndProject
Global
	GlobalSection(SolutionConfigurationPlatforms) = preSolution
		Debug|Any CPU = Debug|Any CPU
		Release|Any CPU = Release|Any CPU
	EndGlobalSection
	GlobalSection(ProjectConfigurationPlatforms) = postSolution
		{09E2FDF1-6C57-46F2-9B64-44CE8B11BCCC}.Debug|Any CPU.ActiveCfg = Debug|Any CPU
		{09E2FDF1-6C57-46F2-9B64-44CE8B11BCCC}.Debug|Any CPU.Build.0 = Debug|Any CPU
		{09E2FDF1-6C57-46F2-9B64-44CE8B11BCCC}.Release|Any CPU.ActiveCfg = Release|Any CPU
		{09E2FDF1-6C57-46F2-9B64-44CE8B11BCCC}.Release|Any CPU.Build.0 = Release|Any CPU
		{32DF6396-4686-4D5E-93CA-28301F70B56B}.Debug|Any CPU.ActiveCfg = Debug|Any CPU
		{32DF6396-4686-4D5E-93CA-28301F70B56B}.Debug|Any CPU.Build.0 = Debug|Any CPU
		{32DF6396-4686-4D5E-93CA-28301F70B56B}.Release|Any CPU.ActiveCfg = Release|Any CPU
		{32DF6396-4686-4D5E-93CA-28301F70B56B}.Release|Any CPU.Build.0 = Release|Any CPU
	EndGlobalSection
	GlobalSection(SolutionProperties) = preSolution
		HideSolutionNode = FALSE
	EndGlobalSection
	GlobalSection(ExtensibilityGlobals) = postSolution
		SolutionGuid = {EF63CC55-B27D-4785-B01C-2473448C0C3B}
	EndGlobalSection
EndGlobal
